
Microsoft Visual Studio Solution File, Format Version 12.00
# Visual Studio Version 16
VisualStudioVersion = 16.0.31313.79
MinimumVisualStudioVersion = 10.0.40219.1
Project("{FAE04EC0-301F-11D3-BF4B-00C04F79EFBC}") = "CSharpLearning_SI", "CSharpLearning_SI.csproj", "{F18A0C8F-4140-4482-BBF5-1BD40D7DEF21}"
EndProject
Global
	GlobalSection(SolutionConfigurationPlatforms) = preSolution
		Debug|Any CPU = Debug|Any CPU
		Release|Any CPU = Release|Any CPU
	EndGlobalSection
	GlobalSection(ProjectConfigurationPlatforms) = postSolution
		{F18A0C8F-4140-4482-BBF5-1BD40D7DEF21}.Debug|Any CPU.ActiveCfg = Debug|Any CPU
		{F18A0C8F-4140-4482-BBF5-1BD40D7DEF21}.Debug|Any CPU.Build.0 = Debug|Any CPU
		{F18A0C8F-4140-4482-BBF5-1BD40D7DEF21}.Release|Any CPU.ActiveCfg = Release|Any CPU
		{F18A0C8F-4140-4482-BBF5-1BD40D7DEF21}.Release|Any CPU.Build.0 = Release|Any CPU
	EndGlobalSection
	GlobalSection(SolutionProperties) = preSolution
		HideSolutionNode = FALSE
	EndGlobalSection
	GlobalSection(ExtensibilityGlobals) = postSolution
		SolutionGuid = {4F249EF4-46E7-411F-B319-0DDDB7B00DDF}
	EndGlobalSection
EndGlobal
